{
  "name": "html-soup",
  "version": "2.0.0",
  "lockfileVersion": 1,
  "requires": true,
  "dependencies": {
    "@types/node": {
      "version": "11.13.9",
      "resolved": "https://registry.npmjs.org/@types/node/-/node-11.13.9.tgz",
      "integrity": "sha512-NJ4yuEVw5podZbINp3tEqUIImMSAEHaCXRiWCf3KC32l6hIKf0iPJEh2uZdT0fELfRYk310yLmMXqy2leZQUbg==",
      "dev": true
    },
    "typescript": {
      "version": "3.4.5",
      "resolved": "https://registry.npmjs.org/typescript/-/typescript-3.4.5.tgz",
      "integrity": "sha512-YycBxUb49UUhdNMU5aJ7z5Ej2XGmaIBL0x34vZ82fn3hGvD+bgrMrVDpatgz2f7YxUMJxMkbWxJZeAvDxVe7Vw==",
      "dev": true
    }
  }
}
